
Microsoft Visual Studio Solution File, Format Version 12.00
# Visual Studio Version 16
VisualStudioVersion = 16.0.29411.108
MinimumVisualStudioVersion = 10.0.40219.1
Project("{FAE04EC0-301F-11D3-BF4B-00C04F79EFBC}") = "BookletRazer", "BookletRazer\BookletRazer.csproj", "{A2D86735-BA86-4EAB-85EB-14FCC1F274C1}"
EndProject
Global
	GlobalSection(SolutionConfigurationPlatforms) = preSolution
		Debug|Any CPU = Debug|Any CPU
		Release|Any CPU = Release|Any CPU
	EndGlobalSection
	GlobalSection(ProjectConfigurationPlatforms) = postSolution
		{A2D86735-BA86-4EAB-85EB-14FCC1F274C1}.Debug|Any CPU.ActiveCfg = Debug|Any CPU
		{A2D86735-BA86-4EAB-85EB-14FCC1F274C1}.Debug|Any CPU.Build.0 = Debug|Any CPU
		{A2D86735-BA86-4EAB-85EB-14FCC1F274C1}.Release|Any CPU.ActiveCfg = Release|Any CPU
		{A2D86735-BA86-4EAB-85EB-14FCC1F274C1}.Release|Any CPU.Build.0 = Release|Any CPU
	EndGlobalSection
	GlobalSection(SolutionProperties) = preSolution
		HideSolutionNode = FALSE
	EndGlobalSection
	GlobalSection(ExtensibilityGlobals) = postSolution
		SolutionGuid = {FCA8EE53-6AC4-4AFA-9966-92FEF456D69E}
	EndGlobalSection
EndGlobal
